// !$*UTF8*$!
{
	archiveVersion = 1;
	classes = {
	};
	objectVersion = 56;
	objects = {

/* Begin PBXBuildFile section */
		3C9768662A04520B00A574F5 /* AppDelegate.swift in Sources */ = {isa = PBXBuildFile; fileRef = 3C9768652A04520B00A574F5 /* AppDelegate.swift */; };
		3C9768682A04520B00A574F5 /* SceneDelegate.swift in Sources */ = {isa = PBXBuildFile; fileRef = 3C9768672A04520B00A574F5 /* SceneDelegate.swift */; };
		3C97686A2A04520B00A574F5 /* EventListViewController.swift in Sources */ = {isa = PBXBuildFile; fileRef = 3C9768692A04520B00A574F5 /* EventListViewController.swift */; };
		3C97686F2A04520C00A574F5 /* Assets.xcassets in Resources */ = {isa = PBXBuildFile; fileRef = 3C97686E2A04520C00A574F5 /* Assets.xcassets */; };
		3C9768722A04520C00A574F5 /* LaunchScreen.storyboard in Resources */ = {isa = PBXBuildFile; fileRef = 3C9768702A04520C00A574F5 /* LaunchScreen.storyboard */; };
		3C97687B2A0568F700A574F5 /* EventListCell.swift in Sources */ = {isa = PBXBuildFile; fileRef = 3C97687A2A0568F700A574F5 /* EventListCell.swift */; };
		3C9768822A05A3D900A574F5 /* EventDetailsViewController.swift in Sources */ = {isa = PBXBuildFile; fileRef = 3C9768812A05A3D900A574F5 /* EventDetailsViewController.swift */; };
		3C9768842A05A4F000A574F5 /* EventDetailsView.swift in Sources */ = {isa = PBXBuildFile; fileRef = 3C9768832A05A4F000A574F5 /* EventDetailsView.swift */; };
		3C9768892A084F1300A574F5 /* EventDetailsCell.swift in Sources */ = {isa = PBXBuildFile; fileRef = 3C9768882A084F1300A574F5 /* EventDetailsCell.swift */; };
		3C97688B2A096A8C00A574F5 /* EventModel.swift in Sources */ = {isa = PBXBuildFile; fileRef = 3C97688A2A096A8C00A574F5 /* EventModel.swift */; };
		3C97688D2A098CD300A574F5 /* WebService.swift in Sources */ = {isa = PBXBuildFile; fileRef = 3C97688C2A098CD300A574F5 /* WebService.swift */; };
		3C9768902A0AA2F100A574F5 /* EventViewModel.swift in Sources */ = {isa = PBXBuildFile; fileRef = 3C97688F2A0AA2F100A574F5 /* EventViewModel.swift */; };
		3C9768922A0ACA2900A574F5 /* EventListView.swift in Sources */ = {isa = PBXBuildFile; fileRef = 3C9768912A0ACA2900A574F5 /* EventListView.swift */; };
		3C9768962A0C31BB00A574F5 /* Extensions.swift in Sources */ = {isa = PBXBuildFile; fileRef = 3C9768952A0C31BB00A574F5 /* Extensions.swift */; };
/* End PBXBuildFile section */

/* Begin PBXFileReference section */
		3C9768622A04520B00A574F5 /* challenge-event.app */ = {isa = PBXFileReference; explicitFileType = wrapper.application; includeInIndex = 0; path = "challenge-event.app"; sourceTree = BUILT_PRODUCTS_DIR; };
		3C9768652A04520B00A574F5 /* AppDelegate.swift */ = {isa = PBXFileReference; lastKnownFileType = sourcecode.swift; path = AppDelegate.swift; sourceTree = "<group>"; };
		3C9768672A04520B00A574F5 /* SceneDelegate.swift */ = {isa = PBXFileReference; lastKnownFileType = sourcecode.swift; path = SceneDelegate.swift; sourceTree = "<group>"; };
		3C9768692A04520B00A574F5 /* EventListViewController.swift */ = {isa = PBXFileReference; lastKnownFileType = sourcecode.swift; path = EventListViewController.swift; sourceTree = "<group>"; };
		3C97686E2A04520C00A574F5 /* Assets.xcassets */ = {isa = PBXFileReference; lastKnownFileType = folder.assetcatalog; path = Assets.xcassets; sourceTree = "<group>"; };
		3C9768712A04520C00A574F5 /* Base */ = {isa = PBXFileReference; lastKnownFileType = file.storyboard; name = Base; path = Base.lproj/LaunchScreen.storyboard; sourceTree = "<group>"; };
		3C9768732A04520C00A574F5 /* Info.plist */ = {isa = PBXFileReference; lastKnownFileType = text.plist.xml; path = Info.plist; sourceTree = "<group>"; };
		3C97687A2A0568F700A574F5 /* EventListCell.swift */ = {isa = PBXFileReference; lastKnownFileType = sourcecode.swift; path = EventListCell.swift; sourceTree = "<group>"; };
		3C9768812A05A3D900A574F5 /* EventDetailsViewController.swift */ = {isa = PBXFileReference; lastKnownFileType = sourcecode.swift; path = EventDetailsViewController.swift; sourceTree = "<group>"; };
		3C9768832A05A4F000A574F5 /* EventDetailsView.swift */ = {isa = PBXFileReference; lastKnownFileType = sourcecode.swift; path = EventDetailsView.swift; sourceTree = "<group>"; };
		3C9768882A084F1300A574F5 /* EventDetailsCell.swift */ = {isa = PBXFileReference; lastKnownFileType = sourcecode.swift; path = EventDetailsCell.swift; sourceTree = "<group>"; };
		3C97688A2A096A8C00A574F5 /* EventModel.swift */ = {isa = PBXFileReference; lastKnownFileType = sourcecode.swift; path = EventModel.swift; sourceTree = "<group>"; };
		3C97688C2A098CD300A574F5 /* WebService.swift */ = {isa = PBXFileReference; lastKnownFileType = sourcecode.swift; path = WebService.swift; sourceTree = "<group>"; };
		3C97688F2A0AA2F100A574F5 /* EventViewModel.swift */ = {isa = PBXFileReference; lastKnownFileType = sourcecode.swift; path = EventViewModel.swift; sourceTree = "<group>"; };
		3C9768912A0ACA2900A574F5 /* EventListView.swift */ = {isa = PBXFileReference; lastKnownFileType = sourcecode.swift; path = EventListView.swift; sourceTree = "<group>"; };
		3C9768952A0C31BB00A574F5 /* Extensions.swift */ = {isa = PBXFileReference; lastKnownFileType = sourcecode.swift; path = Extensions.swift; sourceTree = "<group>"; };
/* End PBXFileReference section */

/* Begin PBXFrameworksBuildPhase section */
		3C97685F2A04520B00A574F5 /* Frameworks */ = {
			isa = PBXFrameworksBuildPhase;
			buildActionMask = 2147483647;
			files = (
			);
			runOnlyForDeploymentPostprocessing = 0;
		};
/* End PBXFrameworksBuildPhase section */

/* Begin PBXGroup section */
		3C9768592A04520B00A574F5 = {
			isa = PBXGroup;
			children = (
				3C9768642A04520B00A574F5 /* challenge-event */,
				3C9768632A04520B00A574F5 /* Products */,
			);
			sourceTree = "<group>";
		};
		3C9768632A04520B00A574F5 /* Products */ = {
			isa = PBXGroup;
			children = (
				3C9768622A04520B00A574F5 /* challenge-event.app */,
			);
			name = Products;
			sourceTree = "<group>";
		};
		3C9768642A04520B00A574F5 /* challenge-event */ = {
			isa = PBXGroup;
			children = (
				3C9768732A04520C00A574F5 /* Info.plist */,
				3C9768792A05688900A574F5 /* View */,
				3C97688E2A0AA2C200A574F5 /* ViewModel */,
				3C97687C2A05890500A574F5 /* Model */,
				3C97687D2A05891500A574F5 /* Service */,
				3C9768932A0C317300A574F5 /* Util */,
				3C9768852A084E7A00A574F5 /* Resource */,
			);
			path = "challenge-event";
			sourceTree = "<group>";
		};
		3C9768792A05688900A574F5 /* View */ = {
			isa = PBXGroup;
			children = (
				3C9768872A084EC200A574F5 /* Controller */,
				3C9768862A084EB800A574F5 /* Cell */,
				3C9768832A05A4F000A574F5 /* EventDetailsView.swift */,
				3C9768912A0ACA2900A574F5 /* EventListView.swift */,
			);
			path = View;
			sourceTree = "<group>";
		};
		3C97687C2A05890500A574F5 /* Model */ = {
			isa = PBXGroup;
			children = (
				3C97688A2A096A8C00A574F5 /* EventModel.swift */,
			);
			path = Model;
			sourceTree = "<group>";
		};
		3C97687D2A05891500A574F5 /* Service */ = {
			isa = PBXGroup;
			children = (
				3C97688C2A098CD300A574F5 /* WebService.swift */,
			);
			path = Service;
			sourceTree = "<group>";
		};
		3C9768852A084E7A00A574F5 /* Resource */ = {
			isa = PBXGroup;
			children = (
				3C9768672A04520B00A574F5 /* SceneDelegate.swift */,
				3C9768652A04520B00A574F5 /* AppDelegate.swift */,
				3C9768702A04520C00A574F5 /* LaunchScreen.storyboard */,
				3C97686E2A04520C00A574F5 /* Assets.xcassets */,
			);
			path = Resource;
			sourceTree = "<group>";
		};
		3C9768862A084EB800A574F5 /* Cell */ = {
			isa = PBXGroup;
			children = (
				3C97687A2A0568F700A574F5 /* EventListCell.swift */,
				3C9768882A084F1300A574F5 /* EventDetailsCell.swift */,
			);
			path = Cell;
			sourceTree = "<group>";
		};
		3C9768872A084EC200A574F5 /* Controller */ = {
			isa = PBXGroup;
			children = (
				3C9768692A04520B00A574F5 /* EventListViewController.swift */,
				3C9768812A05A3D900A574F5 /* EventDetailsViewController.swift */,
			);
			path = Controller;
			sourceTree = "<group>";
		};
		3C97688E2A0AA2C200A574F5 /* ViewModel */ = {
			isa = PBXGroup;
			children = (
				3C97688F2A0AA2F100A574F5 /* EventViewModel.swift */,
			);
			path = ViewModel;
			sourceTree = "<group>";
		};
		3C9768932A0C317300A574F5 /* Util */ = {
			isa = PBXGroup;
			children = (
				3C9768952A0C31BB00A574F5 /* Extensions.swift */,
			);
			path = Util;
			sourceTree = "<group>";
		};
/* End PBXGroup section */

/* Begin PBXNativeTarget section */
		3C9768612A04520B00A574F5 /* challenge-event */ = {
			isa = PBXNativeTarget;
			buildConfigurationList = 3C9768762A04520C00A574F5 /* Build configuration list for PBXNativeTarget "challenge-event" */;
			buildPhases = (
				3C97685E2A04520B00A574F5 /* Sources */,
				3C97685F2A04520B00A574F5 /* Frameworks */,
				3C9768602A04520B00A574F5 /* Resources */,
			);
			buildRules = (
			);
			dependencies = (
			);
			name = "challenge-event";
			productName = "challenge-event";
			productReference = 3C9768622A04520B00A574F5 /* challenge-event.app */;
			productType = "com.apple.product-type.application";
		};
/* End PBXNativeTarget section */

/* Begin PBXProject section */
		3C97685A2A04520B00A574F5 /* Project object */ = {
			isa = PBXProject;
			attributes = {
				BuildIndependentTargetsInParallel = 1;
				LastSwiftUpdateCheck = 1420;
				LastUpgradeCheck = 1420;
				TargetAttributes = {
					3C9768612A04520B00A574F5 = {
						CreatedOnToolsVersion = 14.2;
					};
				};
			};
			buildConfigurationList = 3C97685D2A04520B00A574F5 /* Build configuration list for PBXProject "challenge-event" */;
			compatibilityVersion = "Xcode 14.0";
			developmentRegion = en;
			hasScannedForEncodings = 0;
			knownRegions = (
				en,
				Base,
			);
			mainGroup = 3C9768592A04520B00A574F5;
			productRefGroup = 3C9768632A04520B00A574F5 /* Products */;
			projectDirPath = "";
			projectRoot = "";
			targets = (
				3C9768612A04520B00A574F5 /* challenge-event */,
			);
		};
/* End PBXProject section */

/* Begin PBXResourcesBuildPhase section */
		3C9768602A04520B00A574F5 /* Resources */ = {
			isa = PBXResourcesBuildPhase;
			buildActionMask = 2147483647;
			files = (
				3C9768722A04520C00A574F5 /* LaunchScreen.storyboard in Resources */,
				3C97686F2A04520C00A574F5 /* Assets.xcassets in Resources */,
			);
			runOnlyForDeploymentPostprocessing = 0;
		};
/* End PBXResourcesBuildPhase section */

/* Begin PBXSourcesBuildPhase section */
		3C97685E2A04520B00A574F5 /* Sources */ = {
			isa = PBXSourcesBuildPhase;
			buildActionMask = 2147483647;
			files = (
				3C9768922A0ACA2900A574F5 /* EventListView.swift in Sources */,
				3C97687B2A0568F700A574F5 /* EventListCell.swift in Sources */,
				3C97688D2A098CD300A574F5 /* WebService.swift in Sources */,
				3C97686A2A04520B00A574F5 /* EventListViewController.swift in Sources */,
				3C9768662A04520B00A574F5 /* AppDelegate.swift in Sources */,
				3C9768682A04520B00A574F5 /* SceneDelegate.swift in Sources */,
				3C9768822A05A3D900A574F5 /* EventDetailsViewController.swift in Sources */,
				3C9768962A0C31BB00A574F5 /* Extensions.swift in Sources */,
				3C9768842A05A4F000A574F5 /* EventDetailsView.swift in Sources */,
				3C9768902A0AA2F100A574F5 /* EventViewModel.swift in Sources */,
				3C97688B2A096A8C00A574F5 /* EventModel.swift in Sources */,
				3C9768892A084F1300A574F5 /* EventDetailsCell.swift in Sources */,
			);
			runOnlyForDeploymentPostprocessing = 0;
		};
/* End PBXSourcesBuildPhase section */

/* Begin PBXVariantGroup section */
		3C9768702A04520C00A574F5 /* LaunchScreen.storyboard */ = {
			isa = PBXVariantGroup;
			children = (
				3C9768712A04520C00A574F5 /* Base */,
			);
			name = LaunchScreen.storyboard;
			sourceTree = "<group>";
		};
/* End PBXVariantGroup section */

/* Begin XCBuildConfiguration section */
		3C9768742A04520C00A574F5 /* Debug */ = {
			isa = XCBuildConfiguration;
			buildSettings = {
				ALWAYS_SEARCH_USER_PATHS = NO;
				CLANG_ANALYZER_NONNULL = YES;
				CLANG_ANALYZER_NUMBER_OBJECT_CONVERSION = YES_AGGRESSIVE;
				CLANG_CXX_LANGUAGE_STANDARD = "gnu++20";
				CLANG_ENABLE_MODULES = YES;
				CLANG_ENABLE_OBJC_ARC = YES;
				CLANG_ENABLE_OBJC_WEAK = YES;
				CLANG_WARN_BLOCK_CAPTURE_AUTORELEASING = YES;
				CLANG_WARN_BOOL_CONVERSION = YES;
				CLANG_WARN_COMMA = YES;
				CLANG_WARN_CONSTANT_CONVERSION = YES;
				CLANG_WARN_DEPRECATED_OBJC_IMPLEMENTATIONS = YES;
				CLANG_WARN_DIRECT_OBJC_ISA_USAGE = YES_ERROR;
				CLANG_WARN_DOCUMENTATION_COMMENTS = YES;
				CLANG_WARN_EMPTY_BODY = YES;
				CLANG_WARN_ENUM_CONVERSION = YES;
				CLANG_WARN_INFINITE_RECURSION = YES;
				CLANG_WARN_INT_CONVERSION = YES;
				CLANG_WARN_NON_LITERAL_NULL_CONVERSION = YES;
				CLANG_WARN_OBJC_IMPLICIT_RETAIN_SELF = YES;
				CLANG_WARN_OBJC_LITERAL_CONVERSION = YES;
				CLANG_WARN_OBJC_ROOT_CLASS = YES_ERROR;
				CLANG_WARN_QUOTED_INCLUDE_IN_FRAMEWORK_HEADER = YES;
				CLANG_WARN_RANGE_LOOP_ANALYSIS = YES;
				CLANG_WARN_STRICT_PROTOTYPES = YES;
				CLANG_WARN_SUSPICIOUS_MOVE = YES;
				CLANG_WARN_UNGUARDED_AVAILABILITY = YES_AGGRESSIVE;
				CLANG_WARN_UNREACHABLE_CODE = YES;
				CLANG_WARN__DUPLICATE_METHOD_MATCH = YES;
				COPY_PHASE_STRIP = NO;
				DEBUG_INFORMATION_FORMAT = dwarf;
				ENABLE_STRICT_OBJC_MSGSEND = YES;
				ENABLE_TESTABILITY = YES;
				GCC_C_LANGUAGE_STANDARD = gnu11;
				GCC_DYNAMIC_NO_PIC = NO;
				GCC_NO_COMMON_BLOCKS = YES;
				GCC_OPTIMIZATION_LEVEL = 0;
				GCC_PREPROCESSOR_DEFINITIONS = (
					"DEBUG=1",
					"$(inherited)",
				);
				GCC_WARN_64_TO_32_BIT_CONVERSION = YES;
				GCC_WARN_ABOUT_RETURN_TYPE = YES_ERROR;
				GCC_WARN_UNDECLARED_SELECTOR = YES;
				GCC_WARN_UNINITIALIZED_AUTOS = YES_AGGRESSIVE;
				GCC_WARN_UNUSED_FUNCTION = YES;
				GCC_WARN_UNUSED_VARIABLE = YES;
				IPHONEOS_DEPLOYMENT_TARGET = 16.2;
				MTL_ENABLE_DEBUG_INFO = INCLUDE_SOURCE;
				MTL_FAST_MATH = YES;
				ONLY_ACTIVE_ARCH = YES;
				SDKROOT = iphoneos;
				SWIFT_ACTIVE_COMPILATION_CONDITIONS = DEBUG;
				SWIFT_OPTIMIZATION_LEVEL = "-Onone";
			};
			name = Debug;
		};
		3C9768752A04520C00A574F5 /* Release */ = {
			isa = XCBuildConfiguration;
			buildSettings = {
				ALWAYS_SEARCH_USER_PATHS = NO;
				CLANG_ANALYZER_NONNULL = YES;
				CLANG_ANALYZER_NUMBER_OBJECT_CONVERSION = YES_AGGRESSIVE;
				CLANG_CXX_LANGUAGE_STANDARD = "gnu++20";
				CLANG_ENABLE_MODULES = YES;
				CLANG_ENABLE_OBJC_ARC = YES;
				CLANG_ENABLE_OBJC_WEAK = YES;
				CLANG_WARN_BLOCK_CAPTURE_AUTORELEASING = YES;
				CLANG_WARN_BOOL_CONVERSION = YES;
				CLANG_WARN_COMMA = YES;
				CLANG_WARN_CONSTANT_CONVERSION = YES;
				CLANG_WARN_DEPRECATED_OBJC_IMPLEMENTATIONS = YES;
				CLANG_WARN_DIRECT_OBJC_ISA_USAGE = YES_ERROR;
				CLANG_WARN_DOCUMENTATION_COMMENTS = YES;
				CLANG_WARN_EMPTY_BODY = YES;
				CLANG_WARN_ENUM_CONVERSION = YES;
				CLANG_WARN_INFINITE_RECURSION = YES;
				CLANG_WARN_INT_CONVERSION = YES;
				CLANG_WARN_NON_LITERAL_NULL_CONVERSION = YES;
				CLANG_WARN_OBJC_IMPLICIT_RETAIN_SELF = YES;
				CLANG_WARN_OBJC_LITERAL_CONVERSION = YES;
				CLANG_WARN_OBJC_ROOT_CLASS = YES_ERROR;
				CLANG_WARN_QUOTED_INCLUDE_IN_FRAMEWORK_HEADER = YES;
				CLANG_WARN_RANGE_LOOP_ANALYSIS = YES;
				CLANG_WARN_STRICT_PROTOTYPES = YES;
				CLANG_WARN_SUSPICIOUS_MOVE = YES;
				CLANG_WARN_UNGUARDED_AVAILABILITY = YES_AGGRESSIVE;
				CLANG_WARN_UNREACHABLE_CODE = YES;
				CLANG_WARN__DUPLICATE_METHOD_MATCH = YES;
				COPY_PHASE_STRIP = NO;
				DEBUG_INFORMATION_FORMAT = "dwarf-with-dsym";
				ENABLE_NS_ASSERTIONS = NO;
				ENABLE_STRICT_OBJC_MSGSEND = YES;
				GCC_C_LANGUAGE_STANDARD = gnu11;
				GCC_NO_COMMON_BLOCKS = YES;
				GCC_WARN_64_TO_32_BIT_CONVERSION = YES;
				GCC_WARN_ABOUT_RETURN_TYPE = YES_ERROR;
				GCC_WARN_UNDECLARED_SELECTOR = YES;
				GCC_WARN_UNINITIALIZED_AUTOS = YES_AGGRESSIVE;
				GCC_WARN_UNUSED_FUNCTION = YES;
				GCC_WARN_UNUSED_VARIABLE = YES;
				IPHONEOS_DEPLOYMENT_TARGET = 16.2;
				MTL_ENABLE_DEBUG_INFO = NO;
				MTL_FAST_MATH = YES;
				SDKROOT = iphoneos;
				SWIFT_COMPILATION_MODE = wholemodule;
				SWIFT_OPTIMIZATION_LEVEL = "-O";
				VALIDATE_PRODUCT = YES;
			};
			name = Release;
		};
		3C9768772A04520C00A574F5 /* Debug */ = {
			isa = XCBuildConfiguration;
			buildSettings = {
				ASSETCATALOG_COMPILER_APPICON_NAME = AppIcon;
				ASSETCATALOG_COMPILER_GLOBAL_ACCENT_COLOR_NAME = AccentColor;
				CODE_SIGN_STYLE = Automatic;
				CURRENT_PROJECT_VERSION = 1;
				DEVELOPMENT_TEAM = H68BTJ8X2R;
				GENERATE_INFOPLIST_FILE = YES;
				INFOPLIST_FILE = "challenge-event/Info.plist";
				INFOPLIST_KEY_UIApplicationSupportsIndirectInputEvents = YES;
				INFOPLIST_KEY_UILaunchStoryboardName = LaunchScreen;
				INFOPLIST_KEY_UISupportedInterfaceOrientations_iPad = "UIInterfaceOrientationPortrait UIInterfaceOrientationPortraitUpsideDown UIInterfaceOrientationLandscapeLeft UIInterfaceOrientationLandscapeRight";
				INFOPLIST_KEY_UISupportedInterfaceOrientations_iPhone = "UIInterfaceOrientationPortrait UIInterfaceOrientationLandscapeLeft UIInterfaceOrientationLandscapeRight";
				LD_RUNPATH_SEARCH_PATHS = (
					"$(inherited)",
					"@executable_path/Frameworks",
				);
				MARKETING_VERSION = 1.0;
				PRODUCT_BUNDLE_IDENTIFIER = "com.tatiane.challenge-event";
				PRODUCT_NAME = "$(TARGET_NAME)";
				SWIFT_EMIT_LOC_STRINGS = YES;
				SWIFT_VERSION = 5.0;
				TARGETED_DEVICE_FAMILY = "1,2";
			};
			name = Debug;
		};
		3C9768782A04520C00A574F5 /* Release */ = {
			isa = XCBuildConfiguration;
			buildSettings = {
				ASSETCATALOG_COMPILER_APPICON_NAME = AppIcon;
				ASSETCATALOG_COMPILER_GLOBAL_ACCENT_COLOR_NAME = AccentColor;
				CODE_SIGN_STYLE = Automatic;
				CURRENT_PROJECT_VERSION = 1;
				DEVELOPMENT_TEAM = H68BTJ8X2R;
				GENERATE_INFOPLIST_FILE = YES;
				INFOPLIST_FILE = "challenge-event/Info.plist";
				INFOPLIST_KEY_UIApplicationSupportsIndirectInputEvents = YES;
				INFOPLIST_KEY_UILaunchStoryboardName = LaunchScreen;
				INFOPLIST_KEY_UISupportedInterfaceOrientations_iPad = "UIInterfaceOrientationPortrait UIInterfaceOrientationPortraitUpsideDown UIInterfaceOrientationLandscapeLeft UIInterfaceOrientationLandscapeRight";
				INFOPLIST_KEY_UISupportedInterfaceOrientations_iPhone = "UIInterfaceOrientationPortrait UIInterfaceOrientationLandscapeLeft UIInterfaceOrientationLandscapeRight";
				LD_RUNPATH_SEARCH_PATHS = (
					"$(inherited)",
					"@executable_path/Frameworks",
				);
				MARKETING_VERSION = 1.0;
				PRODUCT_BUNDLE_IDENTIFIER = "com.tatiane.challenge-event";
				PRODUCT_NAME = "$(TARGET_NAME)";
				SWIFT_EMIT_LOC_STRINGS = YES;
				SWIFT_VERSION = 5.0;
				TARGETED_DEVICE_FAMILY = "1,2";
			};
			name = Release;
		};
/* End XCBuildConfiguration section */

/* Begin XCConfigurationList section */
		3C97685D2A04520B00A574F5 /* Build configuration list for PBXProject "challenge-event" */ = {
			isa = XCConfigurationList;
			buildConfigurations = (
				3C9768742A04520C00A574F5 /* Debug */,
				3C9768752A04520C00A574F5 /* Release */,
			);
			defaultConfigurationIsVisible = 0;
			defaultConfigurationName = Release;
		};
		3C9768762A04520C00A574F5 /* Build configuration list for PBXNativeTarget "challenge-event" */ = {
			isa = XCConfigurationList;
			buildConfigurations = (
				3C9768772A04520C00A574F5 /* Debug */,
				3C9768782A04520C00A574F5 /* Release */,
			);
			defaultConfigurationIsVisible = 0;
			defaultConfigurationName = Release;
		};
/* End XCConfigurationList section */
	};
	rootObject = 3C97685A2A04520B00A574F5 /* Project object */;
}
